
Microsoft Visual Studio Solution File, Format Version 12.00
# Visual Studio Version 17
VisualStudioVersion = 17.14.37411.7 d17.14
MinimumVisualStudioVersion = 10.0.40219.1
Project("{FAE04EC0-301F-11D3-BF4B-00C04F79EFBC}") = "AssignmentsTrial", "AssignmentsTrail\AssignmentsTrial.csproj", "{927156A6-1F40-45C9-B8E7-AA8F83F32A3A}"
EndProject
Global
	GlobalSection(SolutionConfigurationPlatforms) = preSolution
		Debug|Any CPU = Debug|Any CPU
		Release|Any CPU = Release|Any CPU
	EndGlobalSection
	GlobalSection(ProjectConfigurationPlatforms) = postSolution
		{927156A6-1F40-45C9-B8E7-AA8F83F32A3A}.Debug|Any CPU.ActiveCfg = Debug|Any CPU
		{927156A6-1F40-45C9-B8E7-AA8F83F32A3A}.Debug|Any CPU.Build.0 = Debug|Any CPU
		{927156A6-1F40-45C9-B8E7-AA8F83F32A3A}.Release|Any CPU.ActiveCfg = Release|Any CPU
		{927156A6-1F40-45C9-B8E7-AA8F83F32A3A}.Release|Any CPU.Build.0 = Release|Any CPU
	EndGlobalSection
	GlobalSection(SolutionProperties) = preSolution
		HideSolutionNode = FALSE
	EndGlobalSection
	GlobalSection(ExtensibilityGlobals) = postSolution
		SolutionGuid = {DEB24641-9EA2-45B1-8D47-0332763FBA0B}
	EndGlobalSection
EndGlobal
